// !$*UTF8*$!
{
	archiveVersion = 1;
	classes = {
	};
	objectVersion = 56;
	objects = {

/* Begin PBXBuildFile section */
		F3692C9F2B6BAE58007359CD /* PokedexApp.swift in Sources */ = {isa = PBXBuildFile; fileRef = F3692C9E2B6BAE58007359CD /* PokedexApp.swift */; };
		F3692CA12B6BAE58007359CD /* TabBarView.swift in Sources */ = {isa = PBXBuildFile; fileRef = F3692CA02B6BAE58007359CD /* TabBarView.swift */; };
		F3692CA32B6BAE5A007359CD /* Assets.xcassets in Resources */ = {isa = PBXBuildFile; fileRef = F3692CA22B6BAE5A007359CD /* Assets.xcassets */; };
		F3692CA62B6BAE5A007359CD /* Preview Assets.xcassets in Resources */ = {isa = PBXBuildFile; fileRef = F3692CA52B6BAE5A007359CD /* Preview Assets.xcassets */; };
		F3692CB02B6BAE5A007359CD /* PokedexTests.swift in Sources */ = {isa = PBXBuildFile; fileRef = F3692CAF2B6BAE5A007359CD /* PokedexTests.swift */; };
		F3692CBA2B6BAE5A007359CD /* PokedexUITests.swift in Sources */ = {isa = PBXBuildFile; fileRef = F3692CB92B6BAE5A007359CD /* PokedexUITests.swift */; };
		F3692CBC2B6BAE5A007359CD /* PokedexUITestsLaunchTests.swift in Sources */ = {isa = PBXBuildFile; fileRef = F3692CBB2B6BAE5A007359CD /* PokedexUITestsLaunchTests.swift */; };
		F3692CCB2B6BAFBA007359CD /* PokemonExploreView.swift in Sources */ = {isa = PBXBuildFile; fileRef = F3692CCA2B6BAFBA007359CD /* PokemonExploreView.swift */; };
		F3692CCE2B6BB056007359CD /* UserPokemonsView.swift in Sources */ = {isa = PBXBuildFile; fileRef = F3692CCD2B6BB056007359CD /* UserPokemonsView.swift */; };
		F3692CD32B6BB396007359CD /* Pokemon.swift in Sources */ = {isa = PBXBuildFile; fileRef = F3692CD22B6BB396007359CD /* Pokemon.swift */; };
		F3692CD62B6BB3AF007359CD /* PokemonListResponse.swift in Sources */ = {isa = PBXBuildFile; fileRef = F3692CD42B6BB3AF007359CD /* PokemonListResponse.swift */; };
		F3692CD72B6BB3AF007359CD /* PokemonResponse.swift in Sources */ = {isa = PBXBuildFile; fileRef = F3692CD52B6BB3AF007359CD /* PokemonResponse.swift */; };
		F3692CDA2B6BB3DB007359CD /* APIEndpoint.swift in Sources */ = {isa = PBXBuildFile; fileRef = F3692CD92B6BB3DB007359CD /* APIEndpoint.swift */; };
		F3692CDC2B6BB3EA007359CD /* NetworkClient.swift in Sources */ = {isa = PBXBuildFile; fileRef = F3692CDB2B6BB3EA007359CD /* NetworkClient.swift */; };
		F3692CDF2B6BB432007359CD /* PokemonExploreViewModel.swift in Sources */ = {isa = PBXBuildFile; fileRef = F3692CDE2B6BB432007359CD /* PokemonExploreViewModel.swift */; };
		F3692CE12B6BB53D007359CD /* PokemonExploreCell.swift in Sources */ = {isa = PBXBuildFile; fileRef = F3692CE02B6BB53D007359CD /* PokemonExploreCell.swift */; };
/* End PBXBuildFile section */

/* Begin PBXContainerItemProxy section */
		F3692CAC2B6BAE5A007359CD /* PBXContainerItemProxy */ = {
			isa = PBXContainerItemProxy;
			containerPortal = F3692C932B6BAE58007359CD /* Project object */;
			proxyType = 1;
			remoteGlobalIDString = F3692C9A2B6BAE58007359CD;
			remoteInfo = Pokedex;
		};
		F3692CB62B6BAE5A007359CD /* PBXContainerItemProxy */ = {
			isa = PBXContainerItemProxy;
			containerPortal = F3692C932B6BAE58007359CD /* Project object */;
			proxyType = 1;
			remoteGlobalIDString = F3692C9A2B6BAE58007359CD;
			remoteInfo = Pokedex;
		};
/* End PBXContainerItemProxy section */

/* Begin PBXFileReference section */
		F3692C9B2B6BAE58007359CD /* Pokedex.app */ = {isa = PBXFileReference; explicitFileType = wrapper.application; includeInIndex = 0; path = Pokedex.app; sourceTree = BUILT_PRODUCTS_DIR; };
		F3692C9E2B6BAE58007359CD /* PokedexApp.swift */ = {isa = PBXFileReference; lastKnownFileType = sourcecode.swift; path = PokedexApp.swift; sourceTree = "<group>"; };
		F3692CA02B6BAE58007359CD /* TabBarView.swift */ = {isa = PBXFileReference; lastKnownFileType = sourcecode.swift; path = TabBarView.swift; sourceTree = "<group>"; };
		F3692CA22B6BAE5A007359CD /* Assets.xcassets */ = {isa = PBXFileReference; lastKnownFileType = folder.assetcatalog; path = Assets.xcassets; sourceTree = "<group>"; };
		F3692CA52B6BAE5A007359CD /* Preview Assets.xcassets */ = {isa = PBXFileReference; lastKnownFileType = folder.assetcatalog; path = "Preview Assets.xcassets"; sourceTree = "<group>"; };
		F3692CAB2B6BAE5A007359CD /* PokedexTests.xctest */ = {isa = PBXFileReference; explicitFileType = wrapper.cfbundle; includeInIndex = 0; path = PokedexTests.xctest; sourceTree = BUILT_PRODUCTS_DIR; };
		F3692CAF2B6BAE5A007359CD /* PokedexTests.swift */ = {isa = PBXFileReference; lastKnownFileType = sourcecode.swift; path = PokedexTests.swift; sourceTree = "<group>"; };
		F3692CB52B6BAE5A007359CD /* PokedexUITests.xctest */ = {isa = PBXFileReference; explicitFileType = wrapper.cfbundle; includeInIndex = 0; path = PokedexUITests.xctest; sourceTree = BUILT_PRODUCTS_DIR; };
		F3692CB92B6BAE5A007359CD /* PokedexUITests.swift */ = {isa = PBXFileReference; lastKnownFileType = sourcecode.swift; path = PokedexUITests.swift; sourceTree = "<group>"; };
		F3692CBB2B6BAE5A007359CD /* PokedexUITestsLaunchTests.swift */ = {isa = PBXFileReference; lastKnownFileType = sourcecode.swift; path = PokedexUITestsLaunchTests.swift; sourceTree = "<group>"; };
		F3692CCA2B6BAFBA007359CD /* PokemonExploreView.swift */ = {isa = PBXFileReference; lastKnownFileType = sourcecode.swift; path = PokemonExploreView.swift; sourceTree = "<group>"; };
		F3692CCD2B6BB056007359CD /* UserPokemonsView.swift */ = {isa = PBXFileReference; lastKnownFileType = sourcecode.swift; path = UserPokemonsView.swift; sourceTree = "<group>"; };
		F3692CD22B6BB396007359CD /* Pokemon.swift */ = {isa = PBXFileReference; fileEncoding = 4; lastKnownFileType = sourcecode.swift; path = Pokemon.swift; sourceTree = "<group>"; };
		F3692CD42B6BB3AF007359CD /* PokemonListResponse.swift */ = {isa = PBXFileReference; fileEncoding = 4; lastKnownFileType = sourcecode.swift; path = PokemonListResponse.swift; sourceTree = "<group>"; };
		F3692CD52B6BB3AF007359CD /* PokemonResponse.swift */ = {isa = PBXFileReference; fileEncoding = 4; lastKnownFileType = sourcecode.swift; path = PokemonResponse.swift; sourceTree = "<group>"; };
		F3692CD92B6BB3DB007359CD /* APIEndpoint.swift */ = {isa = PBXFileReference; fileEncoding = 4; lastKnownFileType = sourcecode.swift; path = APIEndpoint.swift; sourceTree = "<group>"; };
		F3692CDB2B6BB3EA007359CD /* NetworkClient.swift */ = {isa = PBXFileReference; fileEncoding = 4; lastKnownFileType = sourcecode.swift; path = NetworkClient.swift; sourceTree = "<group>"; };
		F3692CDE2B6BB432007359CD /* PokemonExploreViewModel.swift */ = {isa = PBXFileReference; fileEncoding = 4; lastKnownFileType = sourcecode.swift; path = PokemonExploreViewModel.swift; sourceTree = "<group>"; };
		F3692CE02B6BB53D007359CD /* PokemonExploreCell.swift */ = {isa = PBXFileReference; lastKnownFileType = sourcecode.swift; path = PokemonExploreCell.swift; sourceTree = "<group>"; };
/* End PBXFileReference section */

/* Begin PBXFrameworksBuildPhase section */
		F3692C982B6BAE58007359CD /* Frameworks */ = {
			isa = PBXFrameworksBuildPhase;
			buildActionMask = 2147483647;
			files = (
			);
			runOnlyForDeploymentPostprocessing = 0;
		};
		F3692CA82B6BAE5A007359CD /* Frameworks */ = {
			isa = PBXFrameworksBuildPhase;
			buildActionMask = 2147483647;
			files = (
			);
			runOnlyForDeploymentPostprocessing = 0;
		};
		F3692CB22B6BAE5A007359CD /* Frameworks */ = {
			isa = PBXFrameworksBuildPhase;
			buildActionMask = 2147483647;
			files = (
			);
			runOnlyForDeploymentPostprocessing = 0;
		};
/* End PBXFrameworksBuildPhase section */

/* Begin PBXGroup section */
		F3692C922B6BAE58007359CD = {
			isa = PBXGroup;
			children = (
				F3692C9D2B6BAE58007359CD /* Pokedex */,
				F3692CAE2B6BAE5A007359CD /* PokedexTests */,
				F3692CB82B6BAE5A007359CD /* PokedexUITests */,
				F3692C9C2B6BAE58007359CD /* Products */,
			);
			sourceTree = "<group>";
		};
		F3692C9C2B6BAE58007359CD /* Products */ = {
			isa = PBXGroup;
			children = (
				F3692C9B2B6BAE58007359CD /* Pokedex.app */,
				F3692CAB2B6BAE5A007359CD /* PokedexTests.xctest */,
				F3692CB52B6BAE5A007359CD /* PokedexUITests.xctest */,
			);
			name = Products;
			sourceTree = "<group>";
		};
		F3692C9D2B6BAE58007359CD /* Pokedex */ = {
			isa = PBXGroup;
			children = (
				F3692CD82B6BB3CC007359CD /* Network */,
				F3692CCF2B6BB350007359CD /* Models */,
				F3692CC82B6BAEAF007359CD /* Screens */,
				F3692C9E2B6BAE58007359CD /* PokedexApp.swift */,
				F3692CA22B6BAE5A007359CD /* Assets.xcassets */,
				F3692CA42B6BAE5A007359CD /* Preview Content */,
			);
			path = Pokedex;
			sourceTree = "<group>";
		};
		F3692CA42B6BAE5A007359CD /* Preview Content */ = {
			isa = PBXGroup;
			children = (
				F3692CA52B6BAE5A007359CD /* Preview Assets.xcassets */,
			);
			path = "Preview Content";
			sourceTree = "<group>";
		};
		F3692CAE2B6BAE5A007359CD /* PokedexTests */ = {
			isa = PBXGroup;
			children = (
				F3692CAF2B6BAE5A007359CD /* PokedexTests.swift */,
			);
			path = PokedexTests;
			sourceTree = "<group>";
		};
		F3692CB82B6BAE5A007359CD /* PokedexUITests */ = {
			isa = PBXGroup;
			children = (
				F3692CB92B6BAE5A007359CD /* PokedexUITests.swift */,
				F3692CBB2B6BAE5A007359CD /* PokedexUITestsLaunchTests.swift */,
			);
			path = PokedexUITests;
			sourceTree = "<group>";
		};
		F3692CC82B6BAEAF007359CD /* Screens */ = {
			isa = PBXGroup;
			children = (
				F3692CE72B6BC107007359CD /* PokemonDetails */,
				F3692CCC2B6BAFF2007359CD /* UserPokemons */,
				F3692CC92B6BAF7B007359CD /* Explore */,
				F3692CA02B6BAE58007359CD /* TabBarView.swift */,
			);
			path = Screens;
			sourceTree = "<group>";
		};
		F3692CC92B6BAF7B007359CD /* Explore */ = {
			isa = PBXGroup;
			children = (
				F3692CDE2B6BB432007359CD /* PokemonExploreViewModel.swift */,
				F3692CCA2B6BAFBA007359CD /* PokemonExploreView.swift */,
				F3692CE02B6BB53D007359CD /* PokemonExploreCell.swift */,
			);
			path = Explore;
			sourceTree = "<group>";
		};
		F3692CCC2B6BAFF2007359CD /* UserPokemons */ = {
			isa = PBXGroup;
			children = (
				F3692CCD2B6BB056007359CD /* UserPokemonsView.swift */,
			);
			path = UserPokemons;
			sourceTree = "<group>";
		};
		F3692CCF2B6BB350007359CD /* Models */ = {
			isa = PBXGroup;
			children = (
				F3692CD12B6BB37F007359CD /* DataTypes */,
				F3692CD02B6BB36C007359CD /* APIResponseTypes */,
			);
			path = Models;
			sourceTree = "<group>";
		};
		F3692CD02B6BB36C007359CD /* APIResponseTypes */ = {
			isa = PBXGroup;
			children = (
				F3692CD42B6BB3AF007359CD /* PokemonListResponse.swift */,
				F3692CD52B6BB3AF007359CD /* PokemonResponse.swift */,
			);
			path = APIResponseTypes;
			sourceTree = "<group>";
		};
		F3692CD12B6BB37F007359CD /* DataTypes */ = {
			isa = PBXGroup;
			children = (
				F3692CD22B6BB396007359CD /* Pokemon.swift */,
			);
			path = DataTypes;
			sourceTree = "<group>";
		};
		F3692CD82B6BB3CC007359CD /* Network */ = {
			isa = PBXGroup;
			children = (
				F3692CDB2B6BB3EA007359CD /* NetworkClient.swift */,
				F3692CD92B6BB3DB007359CD /* APIEndpoint.swift */,
			);
			path = Network;
			sourceTree = "<group>";
		};
		F3692CE72B6BC107007359CD /* PokemonDetails */ = {
			isa = PBXGroup;
			children = (
			);
			path = PokemonDetails;
			sourceTree = "<group>";
		};
/* End PBXGroup section */

/* Begin PBXNativeTarget section */
		F3692C9A2B6BAE58007359CD /* Pokedex */ = {
			isa = PBXNativeTarget;
			buildConfigurationList = F3692CBF2B6BAE5A007359CD /* Build configuration list for PBXNativeTarget "Pokedex" */;
			buildPhases = (
				F3692C972B6BAE58007359CD /* Sources */,
				F3692C982B6BAE58007359CD /* Frameworks */,
				F3692C992B6BAE58007359CD /* Resources */,
			);
			buildRules = (
			);
			dependencies = (
			);
			name = Pokedex;
			productName = Pokedex;
			productReference = F3692C9B2B6BAE58007359CD /* Pokedex.app */;
			productType = "com.apple.product-type.application";
		};
		F3692CAA2B6BAE5A007359CD /* PokedexTests */ = {
			isa = PBXNativeTarget;
			buildConfigurationList = F3692CC22B6BAE5A007359CD /* Build configuration list for PBXNativeTarget "PokedexTests" */;
			buildPhases = (
				F3692CA72B6BAE5A007359CD /* Sources */,
				F3692CA82B6BAE5A007359CD /* Frameworks */,
				F3692CA92B6BAE5A007359CD /* Resources */,
			);
			buildRules = (
			);
			dependencies = (
				F3692CAD2B6BAE5A007359CD /* PBXTargetDependency */,
			);
			name = PokedexTests;
			productName = PokedexTests;
			productReference = F3692CAB2B6BAE5A007359CD /* PokedexTests.xctest */;
			productType = "com.apple.product-type.bundle.unit-test";
		};
		F3692CB42B6BAE5A007359CD /* PokedexUITests */ = {
			isa = PBXNativeTarget;
			buildConfigurationList = F3692CC52B6BAE5A007359CD /* Build configuration list for PBXNativeTarget "PokedexUITests" */;
			buildPhases = (
				F3692CB12B6BAE5A007359CD /* Sources */,
				F3692CB22B6BAE5A007359CD /* Frameworks */,
				F3692CB32B6BAE5A007359CD /* Resources */,
			);
			buildRules = (
			);
			dependencies = (
				F3692CB72B6BAE5A007359CD /* PBXTargetDependency */,
			);
			name = PokedexUITests;
			productName = PokedexUITests;
			productReference = F3692CB52B6BAE5A007359CD /* PokedexUITests.xctest */;
			productType = "com.apple.product-type.bundle.ui-testing";
		};
/* End PBXNativeTarget section */

/* Begin PBXProject section */
		F3692C932B6BAE58007359CD /* Project object */ = {
			isa = PBXProject;
			attributes = {
				BuildIndependentTargetsInParallel = 1;
				LastSwiftUpdateCheck = 1520;
				LastUpgradeCheck = 1520;
				TargetAttributes = {
					F3692C9A2B6BAE58007359CD = {
						CreatedOnToolsVersion = 15.2;
					};
					F3692CAA2B6BAE5A007359CD = {
						CreatedOnToolsVersion = 15.2;
						TestTargetID = F3692C9A2B6BAE58007359CD;
					};
					F3692CB42B6BAE5A007359CD = {
						CreatedOnToolsVersion = 15.2;
						TestTargetID = F3692C9A2B6BAE58007359CD;
					};
				};
			};
			buildConfigurationList = F3692C962B6BAE58007359CD /* Build configuration list for PBXProject "Pokedex" */;
			compatibilityVersion = "Xcode 14.0";
			developmentRegion = en;
			hasScannedForEncodings = 0;
			knownRegions = (
				en,
				Base,
			);
			mainGroup = F3692C922B6BAE58007359CD;
			productRefGroup = F3692C9C2B6BAE58007359CD /* Products */;
			projectDirPath = "";
			projectRoot = "";
			targets = (
				F3692C9A2B6BAE58007359CD /* Pokedex */,
				F3692CAA2B6BAE5A007359CD /* PokedexTests */,
				F3692CB42B6BAE5A007359CD /* PokedexUITests */,
			);
		};
/* End PBXProject section */

/* Begin PBXResourcesBuildPhase section */
		F3692C992B6BAE58007359CD /* Resources */ = {
			isa = PBXResourcesBuildPhase;
			buildActionMask = 2147483647;
			files = (
				F3692CA62B6BAE5A007359CD /* Preview Assets.xcassets in Resources */,
				F3692CA32B6BAE5A007359CD /* Assets.xcassets in Resources */,
			);
			runOnlyForDeploymentPostprocessing = 0;
		};
		F3692CA92B6BAE5A007359CD /* Resources */ = {
			isa = PBXResourcesBuildPhase;
			buildActionMask = 2147483647;
			files = (
			);
			runOnlyForDeploymentPostprocessing = 0;
		};
		F3692CB32B6BAE5A007359CD /* Resources */ = {
			isa = PBXResourcesBuildPhase;
			buildActionMask = 2147483647;
			files = (
			);
			runOnlyForDeploymentPostprocessing = 0;
		};
/* End PBXResourcesBuildPhase section */

/* Begin PBXSourcesBuildPhase section */
		F3692C972B6BAE58007359CD /* Sources */ = {
			isa = PBXSourcesBuildPhase;
			buildActionMask = 2147483647;
			files = (
				F3692CD62B6BB3AF007359CD /* PokemonListResponse.swift in Sources */,
				F3692CD32B6BB396007359CD /* Pokemon.swift in Sources */,
				F3692CCB2B6BAFBA007359CD /* PokemonExploreView.swift in Sources */,
				F3692CA12B6BAE58007359CD /* TabBarView.swift in Sources */,
				F3692CD72B6BB3AF007359CD /* PokemonResponse.swift in Sources */,
				F3692CDC2B6BB3EA007359CD /* NetworkClient.swift in Sources */,
				F3692CDF2B6BB432007359CD /* PokemonExploreViewModel.swift in Sources */,
				F3692C9F2B6BAE58007359CD /* PokedexApp.swift in Sources */,
				F3692CCE2B6BB056007359CD /* UserPokemonsView.swift in Sources */,
				F3692CE12B6BB53D007359CD /* PokemonExploreCell.swift in Sources */,
				F3692CDA2B6BB3DB007359CD /* APIEndpoint.swift in Sources */,
			);
			runOnlyForDeploymentPostprocessing = 0;
		};
		F3692CA72B6BAE5A007359CD /* Sources */ = {
			isa = PBXSourcesBuildPhase;
			buildActionMask = 2147483647;
			files = (
				F3692CB02B6BAE5A007359CD /* PokedexTests.swift in Sources */,
			);
			runOnlyForDeploymentPostprocessing = 0;
		};
		F3692CB12B6BAE5A007359CD /* Sources */ = {
			isa = PBXSourcesBuildPhase;
			buildActionMask = 2147483647;
			files = (
				F3692CBA2B6BAE5A007359CD /* PokedexUITests.swift in Sources */,
				F3692CBC2B6BAE5A007359CD /* PokedexUITestsLaunchTests.swift in Sources */,
			);
			runOnlyForDeploymentPostprocessing = 0;
		};
/* End PBXSourcesBuildPhase section */

/* Begin PBXTargetDependency section */
		F3692CAD2B6BAE5A007359CD /* PBXTargetDependency */ = {
			isa = PBXTargetDependency;
			target = F3692C9A2B6BAE58007359CD /* Pokedex */;
			targetProxy = F3692CAC2B6BAE5A007359CD /* PBXContainerItemProxy */;
		};
		F3692CB72B6BAE5A007359CD /* PBXTargetDependency */ = {
			isa = PBXTargetDependency;
			target = F3692C9A2B6BAE58007359CD /* Pokedex */;
			targetProxy = F3692CB62B6BAE5A007359CD /* PBXContainerItemProxy */;
		};
/* End PBXTargetDependency section */

/* Begin XCBuildConfiguration section */
		F3692CBD2B6BAE5A007359CD /* Debug */ = {
			isa = XCBuildConfiguration;
			buildSettings = {
				ALWAYS_SEARCH_USER_PATHS = NO;
				ASSETCATALOG_COMPILER_GENERATE_SWIFT_ASSET_SYMBOL_EXTENSIONS = YES;
				CLANG_ANALYZER_NONNULL = YES;
				CLANG_ANALYZER_NUMBER_OBJECT_CONVERSION = YES_AGGRESSIVE;
				CLANG_CXX_LANGUAGE_STANDARD = "gnu++20";
				CLANG_ENABLE_MODULES = YES;
				CLANG_ENABLE_OBJC_ARC = YES;
				CLANG_ENABLE_OBJC_WEAK = YES;
				CLANG_WARN_BLOCK_CAPTURE_AUTORELEASING = YES;
				CLANG_WARN_BOOL_CONVERSION = YES;
				CLANG_WARN_COMMA = YES;
				CLANG_WARN_CONSTANT_CONVERSION = YES;
				CLANG_WARN_DEPRECATED_OBJC_IMPLEMENTATIONS = YES;
				CLANG_WARN_DIRECT_OBJC_ISA_USAGE = YES_ERROR;
				CLANG_WARN_DOCUMENTATION_COMMENTS = YES;
				CLANG_WARN_EMPTY_BODY = YES;
				CLANG_WARN_ENUM_CONVERSION = YES;
				CLANG_WARN_INFINITE_RECURSION = YES;
				CLANG_WARN_INT_CONVERSION = YES;
				CLANG_WARN_NON_LITERAL_NULL_CONVERSION = YES;
				CLANG_WARN_OBJC_IMPLICIT_RETAIN_SELF = YES;
				CLANG_WARN_OBJC_LITERAL_CONVERSION = YES;
				CLANG_WARN_OBJC_ROOT_CLASS = YES_ERROR;
				CLANG_WARN_QUOTED_INCLUDE_IN_FRAMEWORK_HEADER = YES;
				CLANG_WARN_RANGE_LOOP_ANALYSIS = YES;
				CLANG_WARN_STRICT_PROTOTYPES = YES;
				CLANG_WARN_SUSPICIOUS_MOVE = YES;
				CLANG_WARN_UNGUARDED_AVAILABILITY = YES_AGGRESSIVE;
				CLANG_WARN_UNREACHABLE_CODE = YES;
				CLANG_WARN__DUPLICATE_METHOD_MATCH = YES;
				COPY_PHASE_STRIP = NO;
				DEBUG_INFORMATION_FORMAT = dwarf;
				ENABLE_STRICT_OBJC_MSGSEND = YES;
				ENABLE_TESTABILITY = YES;
				ENABLE_USER_SCRIPT_SANDBOXING = YES;
				GCC_C_LANGUAGE_STANDARD = gnu17;
				GCC_DYNAMIC_NO_PIC = NO;
				GCC_NO_COMMON_BLOCKS = YES;
				GCC_OPTIMIZATION_LEVEL = 0;
				GCC_PREPROCESSOR_DEFINITIONS = (
					"DEBUG=1",
					"$(inherited)",
				);
				GCC_WARN_64_TO_32_BIT_CONVERSION = YES;
				GCC_WARN_ABOUT_RETURN_TYPE = YES_ERROR;
				GCC_WARN_UNDECLARED_SELECTOR = YES;
				GCC_WARN_UNINITIALIZED_AUTOS = YES_AGGRESSIVE;
				GCC_WARN_UNUSED_FUNCTION = YES;
				GCC_WARN_UNUSED_VARIABLE = YES;
				IPHONEOS_DEPLOYMENT_TARGET = 17.2;
				LOCALIZATION_PREFERS_STRING_CATALOGS = YES;
				MTL_ENABLE_DEBUG_INFO = INCLUDE_SOURCE;
				MTL_FAST_MATH = YES;
				ONLY_ACTIVE_ARCH = YES;
				SDKROOT = iphoneos;
				SWIFT_ACTIVE_COMPILATION_CONDITIONS = "DEBUG $(inherited)";
				SWIFT_OPTIMIZATION_LEVEL = "-Onone";
			};
			name = Debug;
		};
		F3692CBE2B6BAE5A007359CD /* Release */ = {
			isa = XCBuildConfiguration;
			buildSettings = {
				ALWAYS_SEARCH_USER_PATHS = NO;
				ASSETCATALOG_COMPILER_GENERATE_SWIFT_ASSET_SYMBOL_EXTENSIONS = YES;
				CLANG_ANALYZER_NONNULL = YES;
				CLANG_ANALYZER_NUMBER_OBJECT_CONVERSION = YES_AGGRESSIVE;
				CLANG_CXX_LANGUAGE_STANDARD = "gnu++20";
				CLANG_ENABLE_MODULES = YES;
				CLANG_ENABLE_OBJC_ARC = YES;
				CLANG_ENABLE_OBJC_WEAK = YES;
				CLANG_WARN_BLOCK_CAPTURE_AUTORELEASING = YES;
				CLANG_WARN_BOOL_CONVERSION = YES;
				CLANG_WARN_COMMA = YES;
				CLANG_WARN_CONSTANT_CONVERSION = YES;
				CLANG_WARN_DEPRECATED_OBJC_IMPLEMENTATIONS = YES;
				CLANG_WARN_DIRECT_OBJC_ISA_USAGE = YES_ERROR;
				CLANG_WARN_DOCUMENTATION_COMMENTS = YES;
				CLANG_WARN_EMPTY_BODY = YES;
				CLANG_WARN_ENUM_CONVERSION = YES;
				CLANG_WARN_INFINITE_RECURSION = YES;
				CLANG_WARN_INT_CONVERSION = YES;
				CLANG_WARN_NON_LITERAL_NULL_CONVERSION = YES;
				CLANG_WARN_OBJC_IMPLICIT_RETAIN_SELF = YES;
				CLANG_WARN_OBJC_LITERAL_CONVERSION = YES;
				CLANG_WARN_OBJC_ROOT_CLASS = YES_ERROR;
				CLANG_WARN_QUOTED_INCLUDE_IN_FRAMEWORK_HEADER = YES;
				CLANG_WARN_RANGE_LOOP_ANALYSIS = YES;
				CLANG_WARN_STRICT_PROTOTYPES = YES;
				CLANG_WARN_SUSPICIOUS_MOVE = YES;
				CLANG_WARN_UNGUARDED_AVAILABILITY = YES_AGGRESSIVE;
				CLANG_WARN_UNREACHABLE_CODE = YES;
				CLANG_WARN__DUPLICATE_METHOD_MATCH = YES;
				COPY_PHASE_STRIP = NO;
				DEBUG_INFORMATION_FORMAT = "dwarf-with-dsym";
				ENABLE_NS_ASSERTIONS = NO;
				ENABLE_STRICT_OBJC_MSGSEND = YES;
				ENABLE_USER_SCRIPT_SANDBOXING = YES;
				GCC_C_LANGUAGE_STANDARD = gnu17;
				GCC_NO_COMMON_BLOCKS = YES;
				GCC_WARN_64_TO_32_BIT_CONVERSION = YES;
				GCC_WARN_ABOUT_RETURN_TYPE = YES_ERROR;
				GCC_WARN_UNDECLARED_SELECTOR = YES;
				GCC_WARN_UNINITIALIZED_AUTOS = YES_AGGRESSIVE;
				GCC_WARN_UNUSED_FUNCTION = YES;
				GCC_WARN_UNUSED_VARIABLE = YES;
				IPHONEOS_DEPLOYMENT_TARGET = 17.2;
				LOCALIZATION_PREFERS_STRING_CATALOGS = YES;
				MTL_ENABLE_DEBUG_INFO = NO;
				MTL_FAST_MATH = YES;
				SDKROOT = iphoneos;
				SWIFT_COMPILATION_MODE = wholemodule;
				VALIDATE_PRODUCT = YES;
			};
			name = Release;
		};
		F3692CC02B6BAE5A007359CD /* Debug */ = {
			isa = XCBuildConfiguration;
			buildSettings = {
				ASSETCATALOG_COMPILER_APPICON_NAME = AppIcon;
				ASSETCATALOG_COMPILER_GLOBAL_ACCENT_COLOR_NAME = AccentColor;
				CODE_SIGN_STYLE = Automatic;
				CURRENT_PROJECT_VERSION = 1;
				DEVELOPMENT_ASSET_PATHS = "\"Pokedex/Preview Content\"";
				DEVELOPMENT_TEAM = T52NLA8Y9D;
				ENABLE_PREVIEWS = YES;
				GENERATE_INFOPLIST_FILE = YES;
				INFOPLIST_KEY_UIApplicationSceneManifest_Generation = YES;
				INFOPLIST_KEY_UIApplicationSupportsIndirectInputEvents = YES;
				INFOPLIST_KEY_UILaunchScreen_Generation = YES;
				INFOPLIST_KEY_UISupportedInterfaceOrientations_iPad = "UIInterfaceOrientationPortrait UIInterfaceOrientationPortraitUpsideDown UIInterfaceOrientationLandscapeLeft UIInterfaceOrientationLandscapeRight";
				INFOPLIST_KEY_UISupportedInterfaceOrientations_iPhone = "UIInterfaceOrientationPortrait UIInterfaceOrientationLandscapeLeft UIInterfaceOrientationLandscapeRight";
				LD_RUNPATH_SEARCH_PATHS = (
					"$(inherited)",
					"@executable_path/Frameworks",
				);
				MARKETING_VERSION = 1.0;
				PRODUCT_BUNDLE_IDENTIFIER = com.borkstar.Pokedex;
				PRODUCT_NAME = "$(TARGET_NAME)";
				SWIFT_EMIT_LOC_STRINGS = YES;
				SWIFT_VERSION = 5.0;
				TARGETED_DEVICE_FAMILY = "1,2";
			};
			name = Debug;
		};
		F3692CC12B6BAE5A007359CD /* Release */ = {
			isa = XCBuildConfiguration;
			buildSettings = {
				ASSETCATALOG_COMPILER_APPICON_NAME = AppIcon;
				ASSETCATALOG_COMPILER_GLOBAL_ACCENT_COLOR_NAME = AccentColor;
				CODE_SIGN_STYLE = Automatic;
				CURRENT_PROJECT_VERSION = 1;
				DEVELOPMENT_ASSET_PATHS = "\"Pokedex/Preview Content\"";
				DEVELOPMENT_TEAM = T52NLA8Y9D;
				ENABLE_PREVIEWS = YES;
				GENERATE_INFOPLIST_FILE = YES;
				INFOPLIST_KEY_UIApplicationSceneManifest_Generation = YES;
				INFOPLIST_KEY_UIApplicationSupportsIndirectInputEvents = YES;
				INFOPLIST_KEY_UILaunchScreen_Generation = YES;
				INFOPLIST_KEY_UISupportedInterfaceOrientations_iPad = "UIInterfaceOrientationPortrait UIInterfaceOrientationPortraitUpsideDown UIInterfaceOrientationLandscapeLeft UIInterfaceOrientationLandscapeRight";
				INFOPLIST_KEY_UISupportedInterfaceOrientations_iPhone = "UIInterfaceOrientationPortrait UIInterfaceOrientationLandscapeLeft UIInterfaceOrientationLandscapeRight";
				LD_RUNPATH_SEARCH_PATHS = (
					"$(inherited)",
					"@executable_path/Frameworks",
				);
				MARKETING_VERSION = 1.0;
				PRODUCT_BUNDLE_IDENTIFIER = com.borkstar.Pokedex;
				PRODUCT_NAME = "$(TARGET_NAME)";
				SWIFT_EMIT_LOC_STRINGS = YES;
				SWIFT_VERSION = 5.0;
				TARGETED_DEVICE_FAMILY = "1,2";
			};
			name = Release;
		};
		F3692CC32B6BAE5A007359CD /* Debug */ = {
			isa = XCBuildConfiguration;
			buildSettings = {
				ALWAYS_EMBED_SWIFT_STANDARD_LIBRARIES = YES;
				BUNDLE_LOADER = "$(TEST_HOST)";
				CODE_SIGN_STYLE = Automatic;
				CURRENT_PROJECT_VERSION = 1;
				DEVELOPMENT_TEAM = T52NLA8Y9D;
				GENERATE_INFOPLIST_FILE = YES;
				IPHONEOS_DEPLOYMENT_TARGET = 17.2;
				MARKETING_VERSION = 1.0;
				PRODUCT_BUNDLE_IDENTIFIER = com.borkstar.PokedexTests;
				PRODUCT_NAME = "$(TARGET_NAME)";
				SWIFT_EMIT_LOC_STRINGS = NO;
				SWIFT_VERSION = 5.0;
				TARGETED_DEVICE_FAMILY = "1,2";
				TEST_HOST = "$(BUILT_PRODUCTS_DIR)/Pokedex.app/$(BUNDLE_EXECUTABLE_FOLDER_PATH)/Pokedex";
			};
			name = Debug;
		};
		F3692CC42B6BAE5A007359CD /* Release */ = {
			isa = XCBuildConfiguration;
			buildSettings = {
				ALWAYS_EMBED_SWIFT_STANDARD_LIBRARIES = YES;
				BUNDLE_LOADER = "$(TEST_HOST)";
				CODE_SIGN_STYLE = Automatic;
				CURRENT_PROJECT_VERSION = 1;
				DEVELOPMENT_TEAM = T52NLA8Y9D;
				GENERATE_INFOPLIST_FILE = YES;
				IPHONEOS_DEPLOYMENT_TARGET = 17.2;
				MARKETING_VERSION = 1.0;
				PRODUCT_BUNDLE_IDENTIFIER = com.borkstar.PokedexTests;
				PRODUCT_NAME = "$(TARGET_NAME)";
				SWIFT_EMIT_LOC_STRINGS = NO;
				SWIFT_VERSION = 5.0;
				TARGETED_DEVICE_FAMILY = "1,2";
				TEST_HOST = "$(BUILT_PRODUCTS_DIR)/Pokedex.app/$(BUNDLE_EXECUTABLE_FOLDER_PATH)/Pokedex";
			};
			name = Release;
		};
		F3692CC62B6BAE5A007359CD /* Debug */ = {
			isa = XCBuildConfiguration;
			buildSettings = {
				ALWAYS_EMBED_SWIFT_STANDARD_LIBRARIES = YES;
				CODE_SIGN_STYLE = Automatic;
				CURRENT_PROJECT_VERSION = 1;
				DEVELOPMENT_TEAM = T52NLA8Y9D;
				GENERATE_INFOPLIST_FILE = YES;
				MARKETING_VERSION = 1.0;
				PRODUCT_BUNDLE_IDENTIFIER = com.borkstar.PokedexUITests;
				PRODUCT_NAME = "$(TARGET_NAME)";
				SWIFT_EMIT_LOC_STRINGS = NO;
				SWIFT_VERSION = 5.0;
				TARGETED_DEVICE_FAMILY = "1,2";
				TEST_TARGET_NAME = Pokedex;
			};
			name = Debug;
		};
		F3692CC72B6BAE5A007359CD /* Release */ = {
			isa = XCBuildConfiguration;
			buildSettings = {
				ALWAYS_EMBED_SWIFT_STANDARD_LIBRARIES = YES;
				CODE_SIGN_STYLE = Automatic;
				CURRENT_PROJECT_VERSION = 1;
				DEVELOPMENT_TEAM = T52NLA8Y9D;
				GENERATE_INFOPLIST_FILE = YES;
				MARKETING_VERSION = 1.0;
				PRODUCT_BUNDLE_IDENTIFIER = com.borkstar.PokedexUITests;
				PRODUCT_NAME = "$(TARGET_NAME)";
				SWIFT_EMIT_LOC_STRINGS = NO;
				SWIFT_VERSION = 5.0;
				TARGETED_DEVICE_FAMILY = "1,2";
				TEST_TARGET_NAME = Pokedex;
			};
			name = Release;
		};
/* End XCBuildConfiguration section */

/* Begin XCConfigurationList section */
		F3692C962B6BAE58007359CD /* Build configuration list for PBXProject "Pokedex" */ = {
			isa = XCConfigurationList;
			buildConfigurations = (
				F3692CBD2B6BAE5A007359CD /* Debug */,
				F3692CBE2B6BAE5A007359CD /* Release */,
			);
			defaultConfigurationIsVisible = 0;
			defaultConfigurationName = Release;
		};
		F3692CBF2B6BAE5A007359CD /* Build configuration list for PBXNativeTarget "Pokedex" */ = {
			isa = XCConfigurationList;
			buildConfigurations = (
				F3692CC02B6BAE5A007359CD /* Debug */,
				F3692CC12B6BAE5A007359CD /* Release */,
			);
			defaultConfigurationIsVisible = 0;
			defaultConfigurationName = Release;
		};
		F3692CC22B6BAE5A007359CD /* Build configuration list for PBXNativeTarget "PokedexTests" */ = {
			isa = XCConfigurationList;
			buildConfigurations = (
				F3692CC32B6BAE5A007359CD /* Debug */,
				F3692CC42B6BAE5A007359CD /* Release */,
			);
			defaultConfigurationIsVisible = 0;
			defaultConfigurationName = Release;
		};
		F3692CC52B6BAE5A007359CD /* Build configuration list for PBXNativeTarget "PokedexUITests" */ = {
			isa = XCConfigurationList;
			buildConfigurations = (
				F3692CC62B6BAE5A007359CD /* Debug */,
				F3692CC72B6BAE5A007359CD /* Release */,
			);
			defaultConfigurationIsVisible = 0;
			defaultConfigurationName = Release;
		};
/* End XCConfigurationList section */
	};
	rootObject = F3692C932B6BAE58007359CD /* Project object */;
}
